
Microsoft Visual Studio Solution File, Format Version 12.00
# Visual Studio Version 17
VisualStudioVersion = 17.14.36518.9 d17.14
MinimumVisualStudioVersion = 10.0.40219.1
Project("{FAE04EC0-301F-11D3-BF4B-00C04F79EFBC}") = "Medinova", "Medinova\Medinova.csproj", "{6F595441-A24D-483A-9661-C16F8A64B6A2}"
EndProject
Global
	GlobalSection(SolutionConfigurationPlatforms) = preSolution
		Debug|Any CPU = Debug|Any CPU
		Release|Any CPU = Release|Any CPU
	EndGlobalSection
	GlobalSection(ProjectConfigurationPlatforms) = postSolution
		{6F595441-A24D-483A-9661-C16F8A64B6A2}.Debug|Any CPU.ActiveCfg = Debug|Any CPU
		{6F595441-A24D-483A-9661-C16F8A64B6A2}.Debug|Any CPU.Build.0 = Debug|Any CPU
		{6F595441-A24D-483A-9661-C16F8A64B6A2}.Release|Any CPU.ActiveCfg = Release|Any CPU
		{6F595441-A24D-483A-9661-C16F8A64B6A2}.Release|Any CPU.Build.0 = Release|Any CPU
	EndGlobalSection
	GlobalSection(SolutionProperties) = preSolution
		HideSolutionNode = FALSE
	EndGlobalSection
	GlobalSection(ExtensibilityGlobals) = postSolution
		SolutionGuid = {3F42474A-24A1-4AB8-A1CC-2F7DD62CA8E4}
	EndGlobalSection
EndGlobal
